
Microsoft Visual Studio Solution File, Format Version 12.00
# Visual Studio 15
VisualStudioVersion = 15.0.28307.1927
MinimumVisualStudioVersion = 10.0.40219.1
Project("{D2ABAB84-BF74-430A-B69E-9DC6D40DDA17}") = "Assignment2_SSAS", "Assignment2_SSAS\Assignment2_SSAS.dwproj", "{E29E0244-2D61-4621-B38A-579E8D7042D8}"
EndProject
Global
	GlobalSection(SolutionConfigurationPlatforms) = preSolution
		Development|Default = Development|Default
	EndGlobalSection
	GlobalSection(ProjectConfigurationPlatforms) = postSolution
		{E29E0244-2D61-4621-B38A-579E8D7042D8}.Development|Default.ActiveCfg = Development
		{E29E0244-2D61-4621-B38A-579E8D7042D8}.Development|Default.Build.0 = Development
		{E29E0244-2D61-4621-B38A-579E8D7042D8}.Development|Default.Deploy.0 = Development
	EndGlobalSection
	GlobalSection(SolutionProperties) = preSolution
		HideSolutionNode = FALSE
	EndGlobalSection
	GlobalSection(ExtensibilityGlobals) = postSolution
		SolutionGuid = {44D78C1F-51B9-4295-8E3B-B21C37A8C0FD}
	EndGlobalSection
EndGlobal
